{
  "name": "publish-docker-image",
  "version": "1.0.0",
  "lockfileVersion": 3,
  "requires": true,
  "packages": {
    "": {
      "version": "1.0.0",
      "license": "ISC",
      "dependencies": {
        "@actions/core": "^1.2.5",
        "@actions/exec": "^1.0.4",
        "@actions/github": "^4.0.0",
        "@virtocommerce/vc-actions-lib": "^1.3.1"
      }
    },
    "node_modules/@actions/core": {
      "version": "1.2.5",
      "resolved": "https://registry.npmjs.org/@actions/core/-/core-1.2.5.tgz",
      "integrity": "sha512-mwpoNjHSWWh0IiALdDEQi3tru124JKn0yVNziIBzTME8QRv7thwoghVuT1jBRjFvdtoHsqD58IRHy1nf86paRg==",
      "license": "MIT"
    },
    "node_modules/@actions/exec": {
      "version": "1.0.4",
      "resolved": "https://registry.npmjs.org/@actions/exec/-/exec-1.0.4.tgz",
      "integrity": "sha512-4DPChWow9yc9W3WqEbUj8Nr86xkpyE29ZzWjXucHItclLbEW6jr80Zx4nqv18QL6KK65+cifiQZXvnqgTV6oHw==",
      "license": "MIT",
      "dependencies": {
        "@actions/io": "^1.0.1"
      }
    },
    "node_modules/@actions/github": {
      "version": "4.0.0",
      "resolved": "https://registry.npmjs.org/@actions/github/-/github-4.0.0.tgz",
      "integrity": "sha512-Ej/Y2E+VV6sR9X7pWL5F3VgEWrABaT292DRqRU6R4hnQjPtC/zD3nagxVdXWiRQvYDh8kHXo7IDmG42eJ/dOMA==",
      "license": "MIT",
      "dependencies": {
        "@actions/http-client": "^1.0.8",
        "@octokit/core": "^3.0.0",
        "@octokit/plugin-paginate-rest": "^2.2.3",
        "@octokit/plugin-rest-endpoint-methods": "^4.0.0"
      }
    },
    "node_modules/@actions/http-client": {
      "version": "1.0.8",
      "resolved": "https://registry.npmjs.org/@actions/http-client/-/http-client-1.0.8.tgz",
      "integrity": "sha512-G4JjJ6f9Hb3Zvejj+ewLLKLf99ZC+9v+yCxoYf9vSyH+WkzPLB2LuUtRMGNkooMqdugGBFStIKXOuvH1W+EctA==",
      "license": "MIT",
      "dependencies": {
        "tunnel": "0.0.6"
      }
    },
    "node_modules/@actions/io": {
      "version": "1.0.2",
      "resolved": "https://registry.npmjs.org/@actions/io/-/io-1.0.2.tgz",
      "integrity": "sha512-J8KuFqVPr3p6U8W93DOXlXW6zFvrQAJANdS+vw0YhusLIq+bszW8zmK2Fh1C2kDPX8FMvwIl1OUcFgvJoXLbAg==",
      "license": "MIT"
    },
    "node_modules/@isaacs/cliui": {
      "version": "9.0.0",
      "resolved": "https://registry.npmjs.org/@isaacs/cliui/-/cliui-9.0.0.tgz",
      "integrity": "sha512-AokJm4tuBHillT+FpMtxQ60n8ObyXBatq7jD2/JA9dxbDDokKQm8KMht5ibGzLVU9IJDIKK4TPKgMHEYMn3lMg==",
      "license": "BlueOak-1.0.0",
      "engines": {
        "node": ">=18"
      }
    },
    "node_modules/@octokit/auth-token": {
      "version": "2.4.2",
      "resolved": "https://registry.npmjs.org/@octokit/auth-token/-/auth-token-2.4.2.tgz",
      "integrity": "sha512-jE/lE/IKIz2v1+/P0u4fJqv0kYwXOTujKemJMFr6FeopsxlIK3+wKDCJGnysg81XID5TgZQbIfuJ5J0lnTiuyQ==",
      "license": "MIT",
      "dependencies": {
        "@octokit/types": "^5.0.0"
      }
    },
    "node_modules/@octokit/core": {
      "version": "3.1.2",
      "resolved": "https://registry.npmjs.org/@octokit/core/-/core-3.1.2.tgz",
      "integrity": "sha512-AInOFULmwOa7+NFi9F8DlDkm5qtZVmDQayi7TUgChE3yeIGPq0Y+6cAEXPexQ3Ea+uZy66hKEazR7DJyU+4wfw==",
      "license": "MIT",
      "dependencies": {
        "@octokit/auth-token": "^2.4.0",
        "@octokit/graphql": "^4.3.1",
        "@octokit/request": "^5.4.0",
        "@octokit/types": "^5.0.0",
        "before-after-hook": "^2.1.0",
        "universal-user-agent": "^6.0.0"
      }
    },
    "node_modules/@octokit/endpoint": {
      "version": "6.0.5",
      "resolved": "https://registry.npmjs.org/@octokit/endpoint/-/endpoint-6.0.5.tgz",
      "integrity": "sha512-70K5u6zd45ItOny6aHQAsea8HHQjlQq85yqOMe+Aj8dkhN2qSJ9T+Q3YjUjEYfPRBcuUWNgMn62DQnP/4LAIiQ==",
      "license": "MIT",
      "dependencies": {
        "@octokit/types": "^5.0.0",
        "is-plain-object": "^4.0.0",
        "universal-user-agent": "^6.0.0"
      }
    },
    "node_modules/@octokit/graphql": {
      "version": "4.5.3",
      "resolved": "https://registry.npmjs.org/@octokit/graphql/-/graphql-4.5.3.tgz",
      "integrity": "sha512-JyYvi3j2tOb5ofASEpcg1Advs07H+Ag+I+ez7buuZfNVAmh1IYcDTuxd4gnYH8S2PSGu+f5IdDGxMmkK+5zsdA==",
      "license": "MIT",
      "dependencies": {
        "@octokit/request": "^5.3.0",
        "@octokit/types": "^5.0.0",
        "universal-user-agent": "^6.0.0"
      }
    },
    "node_modules/@octokit/openapi-types": {
      "version": "29.0.1",
      "resolved": "https://registry.npmjs.org/@octokit/openapi-types/-/openapi-types-29.0.1.tgz",
      "integrity": "sha512-9qWOMFNxxLokERcms42rU0PTLqQmVs7g5E41TI4mCOxmpFayD1rfC7XxOL55cG9MBZLFlC31BrR37myMKardwg==",
      "license": "MIT"
    },
    "node_modules/@octokit/plugin-paginate-rest": {
      "version": "2.3.0",
      "resolved": "https://registry.npmjs.org/@octokit/plugin-paginate-rest/-/plugin-paginate-rest-2.3.0.tgz",
      "integrity": "sha512-Ye2ZJreP0ZlqJQz8fz+hXvrEAEYK4ay7br1eDpWzr6j76VXs/gKqxFcH8qRzkB3fo/2xh4Vy9VtGii4ZDc9qlA==",
      "license": "MIT",
      "dependencies": {
        "@octokit/types": "^5.2.0"
      }
    },
    "node_modules/@octokit/plugin-rest-endpoint-methods": {
      "version": "4.1.2",
      "resolved": "https://registry.npmjs.org/@octokit/plugin-rest-endpoint-methods/-/plugin-rest-endpoint-methods-4.1.2.tgz",
      "integrity": "sha512-PTI7wpbGEZ2IR87TVh+TNWaLcgX/RsZQalFbQCq8XxYUrQ36RHyERrHSNXFy5gkWpspUAOYRSV707JJv6BhqJA==",
      "license": "MIT",
      "dependencies": {
        "@octokit/types": "^5.1.1",
        "deprecation": "^2.3.1"
      }
    },
    "node_modules/@octokit/request": {
      "version": "5.4.7",
      "resolved": "https://registry.npmjs.org/@octokit/request/-/request-5.4.7.tgz",
      "integrity": "sha512-FN22xUDP0i0uF38YMbOfx6TotpcENP5W8yJM1e/LieGXn6IoRxDMnBf7tx5RKSW4xuUZ/1P04NFZy5iY3Rax1A==",
      "license": "MIT",
      "dependencies": {
        "@octokit/endpoint": "^6.0.1",
        "@octokit/request-error": "^2.0.0",
        "@octokit/types": "^5.0.0",
        "deprecation": "^2.0.0",
        "is-plain-object": "^4.0.0",
        "node-fetch": "^2.3.0",
        "once": "^1.4.0",
        "universal-user-agent": "^6.0.0"
      }
    },
    "node_modules/@octokit/request-error": {
      "version": "2.0.2",
      "resolved": "https://registry.npmjs.org/@octokit/request-error/-/request-error-2.0.2.tgz",
      "integrity": "sha512-2BrmnvVSV1MXQvEkrb9zwzP0wXFNbPJij922kYBTLIlIafukrGOb+ABBT2+c6wZiuyWDH1K1zmjGQ0toN/wMWw==",
      "license": "MIT",
      "dependencies": {
        "@octokit/types": "^5.0.1",
        "deprecation": "^2.0.0",
        "once": "^1.4.0"
      }
    },
    "node_modules/@octokit/types": {
      "version": "5.4.0",
      "resolved": "https://registry.npmjs.org/@octokit/types/-/types-5.4.0.tgz",
      "integrity": "sha512-D/uotqF69M50OIlwMqgyIg9PuLT2daOiBAYF0P40I2ekFA2ESwwBY5dxZe/UhXdPvIbNKDzuZmQrO7rMpuFbcg==",
      "license": "MIT",
      "dependencies": {
        "@types/node": ">= 8"
      }
    },
    "node_modules/@types/node": {
      "version": "14.0.27",
      "resolved": "https://registry.npmjs.org/@types/node/-/node-14.0.27.tgz",
      "integrity": "sha512-kVrqXhbclHNHGu9ztnAwSncIgJv/FaxmzXJvGXNdcCpV1b8u1/Mi6z6m0vwy0LzKeXFTPLH0NzwmoJ3fNCIq0g==",
      "license": "MIT"
    },
    "node_modules/@virtocommerce/vc-actions-lib": {
      "version": "1.3.1",
      "resolved": "https://registry.npmjs.org/@virtocommerce/vc-actions-lib/-/vc-actions-lib-1.3.1.tgz",
      "integrity": "sha512-zdO2U6rlLusdZymvk2njl5wRR54j7vUVWH1xmoKNdubzDF9ZLMYb33NijZv8T7X94W2AAAr7sWUpL8Xxx8uiHg==",
      "license": "ISC",
      "dependencies": {
        "@octokit/request": "^10.0.3",
        "glob": "^11.1.0",
        "xml2js": "^0.6.2"
      }
    },
    "node_modules/@virtocommerce/vc-actions-lib/node_modules/@octokit/endpoint": {
      "version": "11.0.5",
      "resolved": "https://registry.npmjs.org/@octokit/endpoint/-/endpoint-11.0.5.tgz",
      "integrity": "sha512-iXa654H3yFafF/ieHkukfbgWo2rmXD2ceD0ZOtrPhw1bc3FDch1d9N/TNs0FQ1/cIbwb7kspUX8jzIs8nzb9DQ==",
      "license": "MIT",
      "dependencies": {
        "@octokit/types": "^18.0.0",
        "universal-user-agent": "^7.0.2"
      },
      "engines": {
        "node": ">= 20"
      }
    },
    "node_modules/@virtocommerce/vc-actions-lib/node_modules/@octokit/request": {
      "version": "10.0.16",
      "resolved": "https://registry.npmjs.org/@octokit/request/-/request-10.0.16.tgz",
      "integrity": "sha512-A0zWGjHzISIb+9ccG8s0dq7LKO5zVpJLRICjgUb+sJxEWqn8RUHB1rD3AE51+PECvXHIxqZ1VVvs4fHTSD9nUQ==",
      "license": "MIT",
      "dependencies": {
        "@octokit/endpoint": "^11.0.5",
        "@octokit/request-error": "^7.1.2",
        "@octokit/types": "^18.0.0",
        "content-type": "^3.0.0",
        "json-with-bigint": "^3.5.12",
        "universal-user-agent": "^7.0.2"
      },
      "engines": {
        "node": ">= 20"
      }
    },
    "node_modules/@virtocommerce/vc-actions-lib/node_modules/@octokit/request-error": {
      "version": "7.1.2",
      "resolved": "https://registry.npmjs.org/@octokit/request-error/-/request-error-7.1.2.tgz",
      "integrity": "sha512-XZRuT3xZ84D3gYErI1DZvhJ33dCWVV6uzBtWkaBB4TvA/L6eOeTZodxLFVB44bBEEo3vEx7y00UfX1tBLrtLRg==",
      "license": "MIT",
      "dependencies": {
        "@octokit/types": "^18.0.0"
      },
      "engines": {
        "node": ">= 20"
      }
    },
    "node_modules/@virtocommerce/vc-actions-lib/node_modules/@octokit/types": {
      "version": "18.0.0",
      "resolved": "https://registry.npmjs.org/@octokit/types/-/types-18.0.0.tgz",
      "integrity": "sha512-l6bAF43PNxkJp6g+W4PjoUSSkxHomXw2nOum5CTftJz1NlV3vu93NImgOYtLf6CbBUb5j+fiuzW0PPQ5JTSvZA==",
      "license": "MIT",
      "dependencies": {
        "@octokit/openapi-types": "^29.0.1"
      }
    },
    "node_modules/@virtocommerce/vc-actions-lib/node_modules/universal-user-agent": {
      "version": "7.0.3",
      "resolved": "https://registry.npmjs.org/universal-user-agent/-/universal-user-agent-7.0.3.tgz",
      "integrity": "sha512-TmnEAEAsBJVZM/AADELsK76llnwcf9vMKuPz8JflO1frO8Lchitr0fNaN9d+Ap0BjKtqWqd/J17qeDnXh8CL2A==",
      "license": "ISC"
    },
    "node_modules/balanced-match": {
      "version": "4.0.4",
      "resolved": "https://registry.npmjs.org/balanced-match/-/balanced-match-4.0.4.tgz",
      "integrity": "sha512-BLrgEcRTwX2o6gGxGOCNyMvGSp35YofuYzw9h1IMTRmKqttAZZVU67bdb9Pr2vUHA8+j3i2tJfjO6C6+4myGTA==",
      "license": "MIT",
      "engines": {
        "node": "18 || 20 || >=22"
      }
    },
    "node_modules/before-after-hook": {
      "version": "2.1.0",
      "resolved": "https://registry.npmjs.org/before-after-hook/-/before-after-hook-2.1.0.tgz",
      "integrity": "sha512-IWIbu7pMqyw3EAJHzzHbWa85b6oud/yfKYg5rqB5hNE8CeMi3nX+2C2sj0HswfblST86hpVEOAb9x34NZd6P7A==",
      "license": "Apache-2.0"
    },
    "node_modules/brace-expansion": {
      "version": "5.0.12",
      "resolved": "https://registry.npmjs.org/brace-expansion/-/brace-expansion-5.0.12.tgz",
      "integrity": "sha512-YovQ3rzhaLMIrDjNDMkNS01tea93qhEhG5xy8f6+R0l+dw3Ki+5sCoIoI942iuLZTHWogWktgwVDhU09iNEimQ==",
      "license": "MIT",
      "dependencies": {
        "balanced-match": "^4.0.2"
      },
      "engines": {
        "node": "20 || >=22"
      }
    },
    "node_modules/content-type": {
      "version": "3.1.1",
      "resolved": "https://registry.npmjs.org/content-type/-/content-type-3.1.1.tgz",
      "integrity": "sha512-GW4qUsfFo59d0HbUibDlWv5wPz+vAAcaTWbKIuKCf0JkC7wWkSyf8f13IpXn5JkeMlB2P8iTSSIjwXljorg2vA==",
      "license": "MIT",
      "engines": {
        "node": ">=22"
      },
      "funding": {
        "type": "opencollective",
        "url": "https://opencollective.com/express"
      }
    },
    "node_modules/cross-spawn": {
      "version": "7.0.6",
      "resolved": "https://registry.npmjs.org/cross-spawn/-/cross-spawn-7.0.6.tgz",
      "integrity": "sha512-uV2QOWP2nWzsy2aMp8aRibhi9dlzF5Hgh5SHaB9OiTGEyDTiJJyx0uy51QXdyWbtAHNua4XJzUKca3OzKUd3vA==",
      "license": "MIT",
      "dependencies": {
        "path-key": "^3.1.0",
        "shebang-command": "^2.0.0",
        "which": "^2.0.1"
      },
      "engines": {
        "node": ">= 8"
      }
    },
    "node_modules/deprecation": {
      "version": "2.3.1",
      "resolved": "https://registry.npmjs.org/deprecation/-/deprecation-2.3.1.tgz",
      "integrity": "sha512-xmHIy4F3scKVwMsQ4WnVaS8bHOx0DmVwRywosKhaILI0ywMDWPtBSku2HNxRvF7jtwDRsoEwYQSfbxj8b7RlJQ==",
      "license": "ISC"
    },
    "node_modules/foreground-child": {
      "version": "3.3.1",
      "resolved": "https://registry.npmjs.org/foreground-child/-/foreground-child-3.3.1.tgz",
      "integrity": "sha512-gIXjKqtFuWEgzFRJA9WCQeSJLZDjgJUOMCMzxtvFq/37KojM1BFGufqsCy0r4qSQmYLsZYMeyRqzIWOMup03sw==",
      "license": "ISC",
      "dependencies": {
        "cross-spawn": "^7.0.6",
        "signal-exit": "^4.0.1"
      },
      "engines": {
        "node": ">=14"
      },
      "funding": {
        "url": "https://github.com/sponsors/isaacs"
      }
    },
    "node_modules/glob": {
      "version": "11.1.0",
      "resolved": "https://registry.npmjs.org/glob/-/glob-11.1.0.tgz",
      "integrity": "sha512-vuNwKSaKiqm7g0THUBu2x7ckSs3XJLXE+2ssL7/MfTGPLLcrJQ/4Uq1CjPTtO5cCIiRxqvN6Twy1qOwhL0Xjcw==",
      "deprecated": "Old versions of glob are not supported, and contain widely publicized security vulnerabilities, which have been fixed in the current version. Please update. Support for old versions may be purchased (at exorbitant rates) by contacting i@izs.me",
      "license": "BlueOak-1.0.0",
      "dependencies": {
        "foreground-child": "^3.3.1",
        "jackspeak": "^4.1.1",
        "minimatch": "^10.1.1",
        "minipass": "^7.1.2",
        "package-json-from-dist": "^1.0.0",
        "path-scurry": "^2.0.0"
      },
      "bin": {
        "glob": "dist/esm/bin.mjs"
      },
      "engines": {
        "node": "20 || >=22"
      },
      "funding": {
        "url": "https://github.com/sponsors/isaacs"
      }
    },
    "node_modules/is-plain-object": {
      "version": "4.1.1",
      "resolved": "https://registry.npmjs.org/is-plain-object/-/is-plain-object-4.1.1.tgz",
      "integrity": "sha512-5Aw8LLVsDlZsETVMhoMXzqsXwQqr/0vlnBYzIXJbYo2F4yYlhLHs+Ez7Bod7IIQKWkJbJfxrWD7pA1Dw1TKrwA==",
      "license": "MIT",
      "engines": {
        "node": ">=0.10.0"
      }
    },
    "node_modules/isexe": {
      "version": "2.0.0",
      "resolved": "https://registry.npmjs.org/isexe/-/isexe-2.0.0.tgz",
      "integrity": "sha512-RHxMLp9lnKHGHRng9QFhRCMbYAcVpn69smSGcq3f36xjgVVWThj4qqLbTLlq7Ssj8B+fIQ1EuCEGI2lKsyQeIw==",
      "license": "ISC"
    },
    "node_modules/jackspeak": {
      "version": "4.2.3",
      "resolved": "https://registry.npmjs.org/jackspeak/-/jackspeak-4.2.3.tgz",
      "integrity": "sha512-ykkVRwrYvFm1nb2AJfKKYPr0emF6IiXDYUaFx4Zn9ZuIH7MrzEZ3sD5RlqGXNRpHtvUHJyOnCEFxOlNDtGo7wg==",
      "license": "BlueOak-1.0.0",
      "dependencies": {
        "@isaacs/cliui": "^9.0.0"
      },
      "engines": {
        "node": "20 || >=22"
      },
      "funding": {
        "url": "https://github.com/sponsors/isaacs"
      }
    },
    "node_modules/json-with-bigint": {
      "version": "3.5.12",
      "resolved": "https://registry.npmjs.org/json-with-bigint/-/json-with-bigint-3.5.12.tgz",
      "integrity": "sha512-uwbF/wSSuOgC7qqlq27Xp5B6a2MHVug3t0idZdTqu0JnlFvgJuH7ju+KAk/J06C7GfhoYy2gnb9wz2INqcne7w==",
      "license": "MIT"
    },
    "node_modules/lru-cache": {
      "version": "11.5.3",
      "resolved": "https://registry.npmjs.org/lru-cache/-/lru-cache-11.5.3.tgz",
      "integrity": "sha512-U4N8FgzmWxc8k1VH8Kr6lQg18U7Fjvby6wXHVRX/ZZ7IwWbRMgrRbP0Wrb5q5NVinryp4SQampHKdvtecItxUg==",
      "license": "BlueOak-1.0.0",
      "engines": {
        "node": "20 || >=22"
      }
    },
    "node_modules/minimatch": {
      "version": "10.2.6",
      "resolved": "https://registry.npmjs.org/minimatch/-/minimatch-10.2.6.tgz",
      "integrity": "sha512-vpLQEs+VLCr1nU0BXS07maYoFwlDAH0gngQuuttxIwutDFEMHq2blX+8vpgxDdK3J1PwjCJiep77OitTZ4Ll1A==",
      "license": "BlueOak-1.0.0",
      "dependencies": {
        "brace-expansion": "^5.0.8"
      },
      "engines": {
        "node": "18 || 20 || >=22"
      },
      "funding": {
        "url": "https://github.com/sponsors/isaacs"
      }
    },
    "node_modules/minipass": {
      "version": "7.1.3",
      "resolved": "https://registry.npmjs.org/minipass/-/minipass-7.1.3.tgz",
      "integrity": "sha512-tEBHqDnIoM/1rXME1zgka9g6Q2lcoCkxHLuc7ODJ5BxbP5d4c2Z5cGgtXAku59200Cx7diuHTOYfSBD8n6mm8A==",
      "license": "BlueOak-1.0.0",
      "engines": {
        "node": ">=16 || 14 >=14.17"
      }
    },
    "node_modules/node-fetch": {
      "version": "2.6.0",
      "resolved": "https://registry.npmjs.org/node-fetch/-/node-fetch-2.6.0.tgz",
      "integrity": "sha512-8dG4H5ujfvFiqDmVu9fQ5bOHUC15JMjMY/Zumv26oOvvVJjM67KF8koCWIabKQ1GJIa9r2mMZscBq/TbdOcmNA==",
      "license": "MIT",
      "engines": {
        "node": "4.x || >=6.0.0"
      }
    },
    "node_modules/once": {
      "version": "1.4.0",
      "resolved": "https://registry.npmjs.org/once/-/once-1.4.0.tgz",
      "integrity": "sha1-WDsap3WWHUsROsF9nFC6753Xa9E=",
      "license": "ISC",
      "dependencies": {
        "wrappy": "1"
      }
    },
    "node_modules/package-json-from-dist": {
      "version": "1.0.1",
      "resolved": "https://registry.npmjs.org/package-json-from-dist/-/package-json-from-dist-1.0.1.tgz",
      "integrity": "sha512-UEZIS3/by4OC8vL3P2dTXRETpebLI2NiI5vIrjaD/5UtrkFX/tNbwjTSRAGC/+7CAo2pIcBaRgWmcBBHcsaCIw==",
      "license": "BlueOak-1.0.0"
    },
    "node_modules/path-key": {
      "version": "3.1.1",
      "resolved": "https://registry.npmjs.org/path-key/-/path-key-3.1.1.tgz",
      "integrity": "sha512-ojmeN0qd+y0jszEtoY48r0Peq5dwMEkIlCOu6Q5f41lfkswXuKtYrhgoTpLnyIcHm24Uhqx+5Tqm2InSwLhE6Q==",
      "license": "MIT",
      "engines": {
        "node": ">=8"
      }
    },
    "node_modules/path-scurry": {
      "version": "2.0.2",
      "resolved": "https://registry.npmjs.org/path-scurry/-/path-scurry-2.0.2.tgz",
      "integrity": "sha512-3O/iVVsJAPsOnpwWIeD+d6z/7PmqApyQePUtCndjatj/9I5LylHvt5qluFaBT3I5h3r1ejfR056c+FCv+NnNXg==",
      "license": "BlueOak-1.0.0",
      "dependencies": {
        "lru-cache": "^11.0.0",
        "minipass": "^7.1.2"
      },
      "engines": {
        "node": "18 || 20 || >=22"
      },
      "funding": {
        "url": "https://github.com/sponsors/isaacs"
      }
    },
    "node_modules/sax": {
      "version": "1.6.1",
      "resolved": "https://registry.npmjs.org/sax/-/sax-1.6.1.tgz",
      "integrity": "sha512-42tBVwLWnaQvW5zc4HbZrTuWccECCZfBi92FDuwtqxasH+JbPB3/FOKb1m222K42R4WxuxzzMsTswfzgtSu64Q==",
      "license": "BlueOak-1.0.0",
      "engines": {
        "node": ">=11.0.0"
      }
    },
    "node_modules/shebang-command": {
      "version": "2.0.0",
      "resolved": "https://registry.npmjs.org/shebang-command/-/shebang-command-2.0.0.tgz",
      "integrity": "sha512-kHxr2zZpYtdmrN1qDjrrX/Z1rR1kG8Dx+gkpK1G4eXmvXswmcE1hTWBWYUzlraYw1/yZp6YuDY77YtvbN0dmDA==",
      "license": "MIT",
      "dependencies": {
        "shebang-regex": "^3.0.0"
      },
      "engines": {
        "node": ">=8"
      }
    },
    "node_modules/shebang-regex": {
      "version": "3.0.0",
      "resolved": "https://registry.npmjs.org/shebang-regex/-/shebang-regex-3.0.0.tgz",
      "integrity": "sha512-7++dFhtcx3353uBaq8DDR4NuxBetBzC7ZQOhmTQInHEd6bSrXdiEyzCvG07Z44UYdLShWUyXt5M/yhz8ekcb1A==",
      "license": "MIT",
      "engines": {
        "node": ">=8"
      }
    },
    "node_modules/signal-exit": {
      "version": "4.1.0",
      "resolved": "https://registry.npmjs.org/signal-exit/-/signal-exit-4.1.0.tgz",
      "integrity": "sha512-bzyZ1e88w9O1iNJbKnOlvYTrWPDl46O1bG0D3XInv+9tkPrxrN8jUUTiFlDkkmKWgn1M6CfIA13SuGqOa9Korw==",
      "license": "ISC",
      "engines": {
        "node": ">=14"
      },
      "funding": {
        "url": "https://github.com/sponsors/isaacs"
      }
    },
    "node_modules/tunnel": {
      "version": "0.0.6",
      "resolved": "https://registry.npmjs.org/tunnel/-/tunnel-0.0.6.tgz",
      "integrity": "sha512-1h/Lnq9yajKY2PEbBadPXj3VxsDDu844OnaAo52UVmIzIvwwtBPIuNvkjuzBlTWpfJyUbG3ez0KSBibQkj4ojg==",
      "license": "MIT",
      "engines": {
        "node": ">=0.6.11 <=0.7.0 || >=0.7.3"
      }
    },
    "node_modules/universal-user-agent": {
      "version": "6.0.0",
      "resolved": "https://registry.npmjs.org/universal-user-agent/-/universal-user-agent-6.0.0.tgz",
      "integrity": "sha512-isyNax3wXoKaulPDZWHQqbmIx1k2tb9fb3GGDBRxCscfYV2Ch7WxPArBsFEG8s/safwXTT7H4QGhaIkTp9447w==",
      "license": "ISC"
    },
    "node_modules/which": {
      "version": "2.0.2",
      "resolved": "https://registry.npmjs.org/which/-/which-2.0.2.tgz",
      "integrity": "sha512-BLI3Tl1TW3Pvl70l3yq3Y64i+awpwXqsGBYWkkqMtnbXgrMD+yj7rhW0kuEDxzJaYXGjEW5ogapKNMEKNMjibA==",
      "license": "ISC",
      "dependencies": {
        "isexe": "^2.0.0"
      },
      "bin": {
        "node-which": "bin/node-which"
      },
      "engines": {
        "node": ">= 8"
      }
    },
    "node_modules/wrappy": {
      "version": "1.0.2",
      "resolved": "https://registry.npmjs.org/wrappy/-/wrappy-1.0.2.tgz",
      "integrity": "sha1-tSQ9jz7BqjXxNkYFvA0QNuMKtp8=",
      "license": "ISC"
    },
    "node_modules/xml2js": {
      "version": "0.6.2",
      "resolved": "https://registry.npmjs.org/xml2js/-/xml2js-0.6.2.tgz",
      "integrity": "sha512-T4rieHaC1EXcES0Kxxj4JWgaUQHDk+qwHcYOCFHfiwKz7tOVPLq7Hjq9dM1WCMhylqMEfP7hMcOIChvotiZegA==",
      "license": "MIT",
      "dependencies": {
        "sax": ">=0.6.0",
        "xmlbuilder": "~11.0.0"
      },
      "engines": {
        "node": ">=4.0.0"
      }
    },
    "node_modules/xmlbuilder": {
      "version": "11.0.1",
      "resolved": "https://registry.npmjs.org/xmlbuilder/-/xmlbuilder-11.0.1.tgz",
      "integrity": "sha512-fDlsI/kFEx7gLvbecc0/ohLG50fugQp8ryHzMTuW9vSa1GJ0XYWKnhsUx7oie3G98+r56aTQIUB4kht42R3JvA==",
      "license": "MIT",
      "engines": {
        "node": ">=4.0"
      }
    }
  }
}
